
Microsoft Visual Studio Solution File, Format Version 12.00
# Visual Studio Version 16
VisualStudioVersion = 16.0.31729.503
MinimumVisualStudioVersion = 10.0.40219.1
Project("{F184B08F-C81C-45F6-A57F-5ABD9991F28F}") = "Compound", "Compound\Compound.vbproj", "{54490FE1-E4F6-4A8A-99AB-CBABF006BCFC}"
EndProject
Global
	GlobalSection(SolutionConfigurationPlatforms) = preSolution
		Debug|Any CPU = Debug|Any CPU
		Release|Any CPU = Release|Any CPU
	EndGlobalSection
	GlobalSection(ProjectConfigurationPlatforms) = postSolution
		{54490FE1-E4F6-4A8A-99AB-CBABF006BCFC}.Debug|Any CPU.ActiveCfg = Debug|Any CPU
		{54490FE1-E4F6-4A8A-99AB-CBABF006BCFC}.Debug|Any CPU.Build.0 = Debug|Any CPU
		{54490FE1-E4F6-4A8A-99AB-CBABF006BCFC}.Release|Any CPU.ActiveCfg = Release|Any CPU
		{54490FE1-E4F6-4A8A-99AB-CBABF006BCFC}.Release|Any CPU.Build.0 = Release|Any CPU
	EndGlobalSection
	GlobalSection(SolutionProperties) = preSolution
		HideSolutionNode = FALSE
	EndGlobalSection
	GlobalSection(ExtensibilityGlobals) = postSolution
		SolutionGuid = {0D2A389F-989A-4421-B853-FF14D4D6FE50}
	EndGlobalSection
EndGlobal
